
Microsoft Visual Studio Solution File, Format Version 12.00
# Visual Studio Version 17
VisualStudioVersion = 17.4.33403.182
MinimumVisualStudioVersion = 10.0.40219.1
Project("{FAE04EC0-301F-11D3-BF4B-00C04F79EFBC}") = "TRMDataManager", "TRMDataManager\TRMDataManager.csproj", "{A9581CCC-039A-4952-A169-5CF8D4A91730}"
EndProject
Project("{00D1A9C2-B5F0-4AF3-8072-F6C62B433612}") = "TRMData", "TRMData\TRMData.sqlproj", "{AFA2B01D-2114-4E96-865F-D1CD363453DE}"
EndProject
Global
	GlobalSection(SolutionConfigurationPlatforms) = preSolution
		Debug|Any CPU = Debug|Any CPU
		Release|Any CPU = Release|Any CPU
	EndGlobalSection
	GlobalSection(ProjectConfigurationPlatforms) = postSolution
		{A9581CCC-039A-4952-A169-5CF8D4A91730}.Debug|Any CPU.ActiveCfg = Debug|Any CPU
		{A9581CCC-039A-4952-A169-5CF8D4A91730}.Debug|Any CPU.Build.0 = Debug|Any CPU
		{A9581CCC-039A-4952-A169-5CF8D4A91730}.Release|Any CPU.ActiveCfg = Release|Any CPU
		{A9581CCC-039A-4952-A169-5CF8D4A91730}.Release|Any CPU.Build.0 = Release|Any CPU
		{AFA2B01D-2114-4E96-865F-D1CD363453DE}.Debug|Any CPU.ActiveCfg = Debug|Any CPU
		{AFA2B01D-2114-4E96-865F-D1CD363453DE}.Debug|Any CPU.Build.0 = Debug|Any CPU
		{AFA2B01D-2114-4E96-865F-D1CD363453DE}.Debug|Any CPU.Deploy.0 = Debug|Any CPU
		{AFA2B01D-2114-4E96-865F-D1CD363453DE}.Release|Any CPU.ActiveCfg = Release|Any CPU
		{AFA2B01D-2114-4E96-865F-D1CD363453DE}.Release|Any CPU.Build.0 = Release|Any CPU
		{AFA2B01D-2114-4E96-865F-D1CD363453DE}.Release|Any CPU.Deploy.0 = Release|Any CPU
	EndGlobalSection
	GlobalSection(SolutionProperties) = preSolution
		HideSolutionNode = FALSE
	EndGlobalSection
	GlobalSection(ExtensibilityGlobals) = postSolution
		SolutionGuid = {6C397B71-7056-41D4-A0B1-07EB70CBF768}
	EndGlobalSection
EndGlobal
